// !$*UTF8*$!
{
	archiveVersion = 1;
	classes = {
	};
	objectVersion = 46;
	objects = {

/* Begin PBXBuildFile section */
		1D40524D1E56FFD800155815 /* UIButtonExtension.swift in Sources */ = {isa = PBXBuildFile; fileRef = 1D40524C1E56FFD800155815 /* UIButtonExtension.swift */; };
		1D63DBA71E320AE8008143EF /* AppDelegate.swift in Sources */ = {isa = PBXBuildFile; fileRef = 1D63DBA61E320AE8008143EF /* AppDelegate.swift */; };
		1D63DBA91E320AE8008143EF /* AnimalsViewController.swift in Sources */ = {isa = PBXBuildFile; fileRef = 1D63DBA81E320AE8008143EF /* AnimalsViewController.swift */; };
		1D63DBAE1E320AE8008143EF /* Main.storyboard in Resources */ = {isa = PBXBuildFile; fileRef = 1D63DBAC1E320AE8008143EF /* Main.storyboard */; };
		1D63DBB01E320AE8008143EF /* Assets.xcassets in Resources */ = {isa = PBXBuildFile; fileRef = 1D63DBAF1E320AE8008143EF /* Assets.xcassets */; };
		1D63DBB31E320AE8008143EF /* LaunchScreen.storyboard in Resources */ = {isa = PBXBuildFile; fileRef = 1D63DBB11E320AE8008143EF /* LaunchScreen.storyboard */; };
		1D63DBBE1E320AE8008143EF /* touch_3dTests.swift in Sources */ = {isa = PBXBuildFile; fileRef = 1D63DBBD1E320AE8008143EF /* touch_3dTests.swift */; };
		1D63DBC91E320AE8008143EF /* touch_3dUITests.swift in Sources */ = {isa = PBXBuildFile; fileRef = 1D63DBC81E320AE8008143EF /* touch_3dUITests.swift */; };
		1DB771FE1E32305F00AAF862 /* AnimalDetailViewController.swift in Sources */ = {isa = PBXBuildFile; fileRef = 1DB771FD1E32305F00AAF862 /* AnimalDetailViewController.swift */; };
		1DB772001E324FBD00AAF862 /* RelaxViewController.swift in Sources */ = {isa = PBXBuildFile; fileRef = 1DB771FF1E324FBD00AAF862 /* RelaxViewController.swift */; };
		1DB772021E32556400AAF862 /* InfoPlist.strings in Resources */ = {isa = PBXBuildFile; fileRef = 1DB772011E32556400AAF862 /* InfoPlist.strings */; };
		1DFB04E81E321C7400810FF4 /* Animal.swift in Sources */ = {isa = PBXBuildFile; fileRef = 1DFB04E71E321C7400810FF4 /* Animal.swift */; };
/* End PBXBuildFile section */

/* Begin PBXContainerItemProxy section */
		1D63DBBA1E320AE8008143EF /* PBXContainerItemProxy */ = {
			isa = PBXContainerItemProxy;
			containerPortal = 1D63DB9B1E320AE8008143EF /* Project object */;
			proxyType = 1;
			remoteGlobalIDString = 1D63DBA21E320AE8008143EF;
			remoteInfo = "touch 3d";
		};
		1D63DBC51E320AE8008143EF /* PBXContainerItemProxy */ = {
			isa = PBXContainerItemProxy;
			containerPortal = 1D63DB9B1E320AE8008143EF /* Project object */;
			proxyType = 1;
			remoteGlobalIDString = 1D63DBA21E320AE8008143EF;
			remoteInfo = "touch 3d";
		};
/* End PBXContainerItemProxy section */

/* Begin PBXFileReference section */
		1D40524C1E56FFD800155815 /* UIButtonExtension.swift */ = {isa = PBXFileReference; fileEncoding = 4; lastKnownFileType = sourcecode.swift; path = UIButtonExtension.swift; sourceTree = "<group>"; };
		1D63DBA31E320AE8008143EF /* 3D Touch.app */ = {isa = PBXFileReference; explicitFileType = wrapper.application; includeInIndex = 0; path = "3D Touch.app"; sourceTree = BUILT_PRODUCTS_DIR; };
		1D63DBA61E320AE8008143EF /* AppDelegate.swift */ = {isa = PBXFileReference; lastKnownFileType = sourcecode.swift; path = AppDelegate.swift; sourceTree = "<group>"; };
		1D63DBA81E320AE8008143EF /* AnimalsViewController.swift */ = {isa = PBXFileReference; lastKnownFileType = sourcecode.swift; path = AnimalsViewController.swift; sourceTree = "<group>"; };
		1D63DBAD1E320AE8008143EF /* Base */ = {isa = PBXFileReference; lastKnownFileType = file.storyboard; name = Base; path = Base.lproj/Main.storyboard; sourceTree = "<group>"; };
		1D63DBAF1E320AE8008143EF /* Assets.xcassets */ = {isa = PBXFileReference; lastKnownFileType = folder.assetcatalog; path = Assets.xcassets; sourceTree = "<group>"; };
		1D63DBB21E320AE8008143EF /* Base */ = {isa = PBXFileReference; lastKnownFileType = file.storyboard; name = Base; path = Base.lproj/LaunchScreen.storyboard; sourceTree = "<group>"; };
		1D63DBB41E320AE8008143EF /* Info.plist */ = {isa = PBXFileReference; lastKnownFileType = text.plist.xml; path = Info.plist; sourceTree = "<group>"; };
		1D63DBB91E320AE8008143EF /* touch 3dTests.xctest */ = {isa = PBXFileReference; explicitFileType = wrapper.cfbundle; includeInIndex = 0; path = "touch 3dTests.xctest"; sourceTree = BUILT_PRODUCTS_DIR; };
		1D63DBBD1E320AE8008143EF /* touch_3dTests.swift */ = {isa = PBXFileReference; lastKnownFileType = sourcecode.swift; path = touch_3dTests.swift; sourceTree = "<group>"; };
		1D63DBBF1E320AE8008143EF /* Info.plist */ = {isa = PBXFileReference; lastKnownFileType = text.plist.xml; path = Info.plist; sourceTree = "<group>"; };
		1D63DBC41E320AE8008143EF /* touch 3dUITests.xctest */ = {isa = PBXFileReference; explicitFileType = wrapper.cfbundle; includeInIndex = 0; path = "touch 3dUITests.xctest"; sourceTree = BUILT_PRODUCTS_DIR; };
		1D63DBC81E320AE8008143EF /* touch_3dUITests.swift */ = {isa = PBXFileReference; lastKnownFileType = sourcecode.swift; path = touch_3dUITests.swift; sourceTree = "<group>"; };
		1D63DBCA1E320AE8008143EF /* Info.plist */ = {isa = PBXFileReference; lastKnownFileType = text.plist.xml; path = Info.plist; sourceTree = "<group>"; };
		1DB771FD1E32305F00AAF862 /* AnimalDetailViewController.swift */ = {isa = PBXFileReference; fileEncoding = 4; lastKnownFileType = sourcecode.swift; path = AnimalDetailViewController.swift; sourceTree = "<group>"; };
		1DB771FF1E324FBD00AAF862 /* RelaxViewController.swift */ = {isa = PBXFileReference; fileEncoding = 4; lastKnownFileType = sourcecode.swift; path = RelaxViewController.swift; sourceTree = "<group>"; };
		1DB772011E32556400AAF862 /* InfoPlist.strings */ = {isa = PBXFileReference; fileEncoding = 4; lastKnownFileType = text.plist.strings; path = InfoPlist.strings; sourceTree = "<group>"; };
		1DFB04E71E321C7400810FF4 /* Animal.swift */ = {isa = PBXFileReference; fileEncoding = 4; lastKnownFileType = sourcecode.swift; path = Animal.swift; sourceTree = "<group>"; };
/* End PBXFileReference section */

/* Begin PBXFrameworksBuildPhase section */
		1D63DBA01E320AE8008143EF /* Frameworks */ = {
			isa = PBXFrameworksBuildPhase;
			buildActionMask = 2147483647;
			files = (
			);
			runOnlyForDeploymentPostprocessing = 0;
		};
		1D63DBB61E320AE8008143EF /* Frameworks */ = {
			isa = PBXFrameworksBuildPhase;
			buildActionMask = 2147483647;
			files = (
			);
			runOnlyForDeploymentPostprocessing = 0;
		};
		1D63DBC11E320AE8008143EF /* Frameworks */ = {
			isa = PBXFrameworksBuildPhase;
			buildActionMask = 2147483647;
			files = (
			);
			runOnlyForDeploymentPostprocessing = 0;
		};
/* End PBXFrameworksBuildPhase section */

/* Begin PBXGroup section */
		1D63DB9A1E320AE8008143EF = {
			isa = PBXGroup;
			children = (
				1D63DBA51E320AE8008143EF /* touch 3d */,
				1D63DBBC1E320AE8008143EF /* touch 3dTests */,
				1D63DBC71E320AE8008143EF /* touch 3dUITests */,
				1D63DBA41E320AE8008143EF /* Products */,
			);
			sourceTree = "<group>";
		};
		1D63DBA41E320AE8008143EF /* Products */ = {
			isa = PBXGroup;
			children = (
				1D63DBA31E320AE8008143EF /* 3D Touch.app */,
				1D63DBB91E320AE8008143EF /* touch 3dTests.xctest */,
				1D63DBC41E320AE8008143EF /* touch 3dUITests.xctest */,
			);
			name = Products;
			sourceTree = "<group>";
		};
		1D63DBA51E320AE8008143EF /* touch 3d */ = {
			isa = PBXGroup;
			children = (
				1D63DBA61E320AE8008143EF /* AppDelegate.swift */,
				1D63DBA81E320AE8008143EF /* AnimalsViewController.swift */,
				1DB771FD1E32305F00AAF862 /* AnimalDetailViewController.swift */,
				1DFB04E71E321C7400810FF4 /* Animal.swift */,
				1DB771FF1E324FBD00AAF862 /* RelaxViewController.swift */,
				1D40524C1E56FFD800155815 /* UIButtonExtension.swift */,
				1D63DBAC1E320AE8008143EF /* Main.storyboard */,
				1D63DBAF1E320AE8008143EF /* Assets.xcassets */,
				1D63DBB11E320AE8008143EF /* LaunchScreen.storyboard */,
				1DB772011E32556400AAF862 /* InfoPlist.strings */,
				1D63DBB41E320AE8008143EF /* Info.plist */,
			);
			path = "touch 3d";
			sourceTree = "<group>";
		};
		1D63DBBC1E320AE8008143EF /* touch 3dTests */ = {
			isa = PBXGroup;
			children = (
				1D63DBBD1E320AE8008143EF /* touch_3dTests.swift */,
				1D63DBBF1E320AE8008143EF /* Info.plist */,
			);
			path = "touch 3dTests";
			sourceTree = "<group>";
		};
		1D63DBC71E320AE8008143EF /* touch 3dUITests */ = {
			isa = PBXGroup;
			children = (
				1D63DBC81E320AE8008143EF /* touch_3dUITests.swift */,
				1D63DBCA1E320AE8008143EF /* Info.plist */,
			);
			path = "touch 3dUITests";
			sourceTree = "<group>";
		};
/* End PBXGroup section */

/* Begin PBXNativeTarget section */
		1D63DBA21E320AE8008143EF /* touch 3d */ = {
			isa = PBXNativeTarget;
			buildConfigurationList = 1D63DBCD1E320AE8008143EF /* Build configuration list for PBXNativeTarget "touch 3d" */;
			buildPhases = (
				1D63DB9F1E320AE8008143EF /* Sources */,
				1D63DBA01E320AE8008143EF /* Frameworks */,
				1D63DBA11E320AE8008143EF /* Resources */,
			);
			buildRules = (
			);
			dependencies = (
			);
			name = "touch 3d";
			productName = "touch 3d";
			productReference = 1D63DBA31E320AE8008143EF /* 3D Touch.app */;
			productType = "com.apple.product-type.application";
		};
		1D63DBB81E320AE8008143EF /* touch 3dTests */ = {
			isa = PBXNativeTarget;
			buildConfigurationList = 1D63DBD01E320AE8008143EF /* Build configuration list for PBXNativeTarget "touch 3dTests" */;
			buildPhases = (
				1D63DBB51E320AE8008143EF /* Sources */,
				1D63DBB61E320AE8008143EF /* Frameworks */,
				1D63DBB71E320AE8008143EF /* Resources */,
			);
			buildRules = (
			);
			dependencies = (
				1D63DBBB1E320AE8008143EF /* PBXTargetDependency */,
			);
			name = "touch 3dTests";
			productName = "touch 3dTests";
			productReference = 1D63DBB91E320AE8008143EF /* touch 3dTests.xctest */;
			productType = "com.apple.product-type.bundle.unit-test";
		};
		1D63DBC31E320AE8008143EF /* touch 3dUITests */ = {
			isa = PBXNativeTarget;
			buildConfigurationList = 1D63DBD31E320AE8008143EF /* Build configuration list for PBXNativeTarget "touch 3dUITests" */;
			buildPhases = (
				1D63DBC01E320AE8008143EF /* Sources */,
				1D63DBC11E320AE8008143EF /* Frameworks */,
				1D63DBC21E320AE8008143EF /* Resources */,
			);
			buildRules = (
			);
			dependencies = (
				1D63DBC61E320AE8008143EF /* PBXTargetDependency */,
			);
			name = "touch 3dUITests";
			productName = "touch 3dUITests";
			productReference = 1D63DBC41E320AE8008143EF /* touch 3dUITests.xctest */;
			productType = "com.apple.product-type.bundle.ui-testing";
		};
/* End PBXNativeTarget section */

/* Begin PBXProject section */
		1D63DB9B1E320AE8008143EF /* Project object */ = {
			isa = PBXProject;
			attributes = {
				LastSwiftUpdateCheck = 0820;
				LastUpgradeCheck = 0820;
				ORGANIZATIONNAME = jgonfer;
				TargetAttributes = {
					1D63DBA21E320AE8008143EF = {
						CreatedOnToolsVersion = 8.2.1;
						DevelopmentTeam = C2NJ6URQ6C;
						ProvisioningStyle = Automatic;
					};
					1D63DBB81E320AE8008143EF = {
						CreatedOnToolsVersion = 8.2.1;
						ProvisioningStyle = Automatic;
						TestTargetID = 1D63DBA21E320AE8008143EF;
					};
					1D63DBC31E320AE8008143EF = {
						CreatedOnToolsVersion = 8.2.1;
						ProvisioningStyle = Automatic;
						TestTargetID = 1D63DBA21E320AE8008143EF;
					};
				};
			};
			buildConfigurationList = 1D63DB9E1E320AE8008143EF /* Build configuration list for PBXProject "touch 3d" */;
			compatibilityVersion = "Xcode 3.2";
			developmentRegion = English;
			hasScannedForEncodings = 0;
			knownRegions = (
				en,
				Base,
			);
			mainGroup = 1D63DB9A1E320AE8008143EF;
			productRefGroup = 1D63DBA41E320AE8008143EF /* Products */;
			projectDirPath = "";
			projectRoot = "";
			targets = (
				1D63DBA21E320AE8008143EF /* touch 3d */,
				1D63DBB81E320AE8008143EF /* touch 3dTests */,
				1D63DBC31E320AE8008143EF /* touch 3dUITests */,
			);
		};
/* End PBXProject section */

/* Begin PBXResourcesBuildPhase section */
		1D63DBA11E320AE8008143EF /* Resources */ = {
			isa = PBXResourcesBuildPhase;
			buildActionMask = 2147483647;
			files = (
				1D63DBB31E320AE8008143EF /* LaunchScreen.storyboard in Resources */,
				1DB772021E32556400AAF862 /* InfoPlist.strings in Resources */,
				1D63DBB01E320AE8008143EF /* Assets.xcassets in Resources */,
				1D63DBAE1E320AE8008143EF /* Main.storyboard in Resources */,
			);
			runOnlyForDeploymentPostprocessing = 0;
		};
		1D63DBB71E320AE8008143EF /* Resources */ = {
			isa = PBXResourcesBuildPhase;
			buildActionMask = 2147483647;
			files = (
			);
			runOnlyForDeploymentPostprocessing = 0;
		};
		1D63DBC21E320AE8008143EF /* Resources */ = {
			isa = PBXResourcesBuildPhase;
			buildActionMask = 2147483647;
			files = (
			);
			runOnlyForDeploymentPostprocessing = 0;
		};
/* End PBXResourcesBuildPhase section */

/* Begin PBXSourcesBuildPhase section */
		1D63DB9F1E320AE8008143EF /* Sources */ = {
			isa = PBXSourcesBuildPhase;
			buildActionMask = 2147483647;
			files = (
				1DB772001E324FBD00AAF862 /* RelaxViewController.swift in Sources */,
				1DFB04E81E321C7400810FF4 /* Animal.swift in Sources */,
				1DB771FE1E32305F00AAF862 /* AnimalDetailViewController.swift in Sources */,
				1D63DBA71E320AE8008143EF /* AppDelegate.swift in Sources */,
				1D63DBA91E320AE8008143EF /* AnimalsViewController.swift in Sources */,
				1D40524D1E56FFD800155815 /* UIButtonExtension.swift in Sources */,
			);
			runOnlyForDeploymentPostprocessing = 0;
		};
		1D63DBB51E320AE8008143EF /* Sources */ = {
			isa = PBXSourcesBuildPhase;
			buildActionMask = 2147483647;
			files = (
				1D63DBBE1E320AE8008143EF /* touch_3dTests.swift in Sources */,
			);
			runOnlyForDeploymentPostprocessing = 0;
		};
		1D63DBC01E320AE8008143EF /* Sources */ = {
			isa = PBXSourcesBuildPhase;
			buildActionMask = 2147483647;
			files = (
				1D63DBC91E320AE8008143EF /* touch_3dUITests.swift in Sources */,
			);
			runOnlyForDeploymentPostprocessing = 0;
		};
/* End PBXSourcesBuildPhase section */

/* Begin PBXTargetDependency section */
		1D63DBBB1E320AE8008143EF /* PBXTargetDependency */ = {
			isa = PBXTargetDependency;
			target = 1D63DBA21E320AE8008143EF /* touch 3d */;
			targetProxy = 1D63DBBA1E320AE8008143EF /* PBXContainerItemProxy */;
		};
		1D63DBC61E320AE8008143EF /* PBXTargetDependency */ = {
			isa = PBXTargetDependency;
			target = 1D63DBA21E320AE8008143EF /* touch 3d */;
			targetProxy = 1D63DBC51E320AE8008143EF /* PBXContainerItemProxy */;
		};
/* End PBXTargetDependency section */

/* Begin PBXVariantGroup section */
		1D63DBAC1E320AE8008143EF /* Main.storyboard */ = {
			isa = PBXVariantGroup;
			children = (
				1D63DBAD1E320AE8008143EF /* Base */,
			);
			name = Main.storyboard;
			sourceTree = "<group>";
		};
		1D63DBB11E320AE8008143EF /* LaunchScreen.storyboard */ = {
			isa = PBXVariantGroup;
			children = (
				1D63DBB21E320AE8008143EF /* Base */,
			);
			name = LaunchScreen.storyboard;
			sourceTree = "<group>";
		};
/* End PBXVariantGroup section */

/* Begin XCBuildConfiguration section */
		1D63DBCB1E320AE8008143EF /* Debug */ = {
			isa = XCBuildConfiguration;
			buildSettings = {
				ALWAYS_SEARCH_USER_PATHS = NO;
				CLANG_ANALYZER_NONNULL = YES;
				CLANG_CXX_LANGUAGE_STANDARD = "gnu++0x";
				CLANG_CXX_LIBRARY = "libc++";
				CLANG_ENABLE_MODULES = YES;
				CLANG_ENABLE_OBJC_ARC = YES;
				CLANG_WARN_BOOL_CONVERSION = YES;
				CLANG_WARN_CONSTANT_CONVERSION = YES;
				CLANG_WARN_DIRECT_OBJC_ISA_USAGE = YES_ERROR;
				CLANG_WARN_DOCUMENTATION_COMMENTS = YES;
				CLANG_WARN_EMPTY_BODY = YES;
				CLANG_WARN_ENUM_CONVERSION = YES;
				CLANG_WARN_INFINITE_RECURSION = YES;
				CLANG_WARN_INT_CONVERSION = YES;
				CLANG_WARN_OBJC_ROOT_CLASS = YES_ERROR;
				CLANG_WARN_SUSPICIOUS_MOVE = YES;
				CLANG_WARN_UNREACHABLE_CODE = YES;
				CLANG_WARN__DUPLICATE_METHOD_MATCH = YES;
				"CODE_SIGN_IDENTITY[sdk=iphoneos*]" = "iPhone Developer";
				COPY_PHASE_STRIP = NO;
				DEBUG_INFORMATION_FORMAT = dwarf;
				ENABLE_STRICT_OBJC_MSGSEND = YES;
				ENABLE_TESTABILITY = YES;
				GCC_C_LANGUAGE_STANDARD = gnu99;
				GCC_DYNAMIC_NO_PIC = NO;
				GCC_NO_COMMON_BLOCKS = YES;
				GCC_OPTIMIZATION_LEVEL = 0;
				GCC_PREPROCESSOR_DEFINITIONS = (
					"DEBUG=1",
					"$(inherited)",
				);
				GCC_WARN_64_TO_32_BIT_CONVERSION = YES;
				GCC_WARN_ABOUT_RETURN_TYPE = YES_ERROR;
				GCC_WARN_UNDECLARED_SELECTOR = YES;
				GCC_WARN_UNINITIALIZED_AUTOS = YES_AGGRESSIVE;
				GCC_WARN_UNUSED_FUNCTION = YES;
				GCC_WARN_UNUSED_VARIABLE = YES;
				IPHONEOS_DEPLOYMENT_TARGET = 10.2;
				MTL_ENABLE_DEBUG_INFO = YES;
				ONLY_ACTIVE_ARCH = YES;
				SDKROOT = iphoneos;
				SWIFT_ACTIVE_COMPILATION_CONDITIONS = DEBUG;
				SWIFT_OPTIMIZATION_LEVEL = "-Onone";
				TARGETED_DEVICE_FAMILY = "1,2";
			};
			name = Debug;
		};
		1D63DBCC1E320AE8008143EF /* Release */ = {
			isa = XCBuildConfiguration;
			buildSettings = {
				ALWAYS_SEARCH_USER_PATHS = NO;
				CLANG_ANALYZER_NONNULL = YES;
				CLANG_CXX_LANGUAGE_STANDARD = "gnu++0x";
				CLANG_CXX_LIBRARY = "libc++";
				CLANG_ENABLE_MODULES = YES;
				CLANG_ENABLE_OBJC_ARC = YES;
				CLANG_WARN_BOOL_CONVERSION = YES;
				CLANG_WARN_CONSTANT_CONVERSION = YES;
				CLANG_WARN_DIRECT_OBJC_ISA_USAGE = YES_ERROR;
				CLANG_WARN_DOCUMENTATION_COMMENTS = YES;
				CLANG_WARN_EMPTY_BODY = YES;
				CLANG_WARN_ENUM_CONVERSION = YES;
				CLANG_WARN_INFINITE_RECURSION = YES;
				CLANG_WARN_INT_CONVERSION = YES;
				CLANG_WARN_OBJC_ROOT_CLASS = YES_ERROR;
				CLANG_WARN_SUSPICIOUS_MOVE = YES;
				CLANG_WARN_UNREACHABLE_CODE = YES;
				CLANG_WARN__DUPLICATE_METHOD_MATCH = YES;
				"CODE_SIGN_IDENTITY[sdk=iphoneos*]" = "iPhone Developer";
				COPY_PHASE_STRIP = NO;
				DEBUG_INFORMATION_FORMAT = "dwarf-with-dsym";
				ENABLE_NS_ASSERTIONS = NO;
				ENABLE_STRICT_OBJC_MSGSEND = YES;
				GCC_C_LANGUAGE_STANDARD = gnu99;
				GCC_NO_COMMON_BLOCKS = YES;
				GCC_WARN_64_TO_32_BIT_CONVERSION = YES;
				GCC_WARN_ABOUT_RETURN_TYPE = YES_ERROR;
				GCC_WARN_UNDECLARED_SELECTOR = YES;
				GCC_WARN_UNINITIALIZED_AUTOS = YES_AGGRESSIVE;
				GCC_WARN_UNUSED_FUNCTION = YES;
				GCC_WARN_UNUSED_VARIABLE = YES;
				IPHONEOS_DEPLOYMENT_TARGET = 10.2;
				MTL_ENABLE_DEBUG_INFO = NO;
				SDKROOT = iphoneos;
				SWIFT_OPTIMIZATION_LEVEL = "-Owholemodule";
				TARGETED_DEVICE_FAMILY = "1,2";
				VALIDATE_PRODUCT = YES;
			};
			name = Release;
		};
		1D63DBCE1E320AE8008143EF /* Debug */ = {
			isa = XCBuildConfiguration;
			buildSettings = {
				ASSETCATALOG_COMPILER_APPICON_NAME = AppIcon;
				DEVELOPMENT_TEAM = C2NJ6URQ6C;
				INFOPLIST_FILE = "touch 3d/Info.plist";
				IPHONEOS_DEPLOYMENT_TARGET = 9.0;
				LD_RUNPATH_SEARCH_PATHS = "$(inherited) @executable_path/Frameworks";
				PRODUCT_BUNDLE_IDENTIFIER = "com.netquest.touch-3d";
				PRODUCT_NAME = "3D Touch";
				SWIFT_VERSION = 3.0;
			};
			name = Debug;
		};
		1D63DBCF1E320AE8008143EF /* Release */ = {
			isa = XCBuildConfiguration;
			buildSettings = {
				ASSETCATALOG_COMPILER_APPICON_NAME = AppIcon;
				DEVELOPMENT_TEAM = C2NJ6URQ6C;
				INFOPLIST_FILE = "touch 3d/Info.plist";
				IPHONEOS_DEPLOYMENT_TARGET = 9.0;
				LD_RUNPATH_SEARCH_PATHS = "$(inherited) @executable_path/Frameworks";
				PRODUCT_BUNDLE_IDENTIFIER = "com.netquest.touch-3d";
				PRODUCT_NAME = "3D Touch";
				SWIFT_VERSION = 3.0;
			};
			name = Release;
		};
		1D63DBD11E320AE8008143EF /* Debug */ = {
			isa = XCBuildConfiguration;
			buildSettings = {
				ALWAYS_EMBED_SWIFT_STANDARD_LIBRARIES = YES;
				BUNDLE_LOADER = "$(TEST_HOST)";
				INFOPLIST_FILE = "touch 3dTests/Info.plist";
				LD_RUNPATH_SEARCH_PATHS = "$(inherited) @executable_path/Frameworks @loader_path/Frameworks";
				PRODUCT_BUNDLE_IDENTIFIER = "com.jgonfer.touch-3dTests";
				PRODUCT_NAME = "$(TARGET_NAME)";
				SWIFT_VERSION = 3.0;
				TEST_HOST = "$(BUILT_PRODUCTS_DIR)/touch 3d.app/touch 3d";
			};
			name = Debug;
		};
		1D63DBD21E320AE8008143EF /* Release */ = {
			isa = XCBuildConfiguration;
			buildSettings = {
				ALWAYS_EMBED_SWIFT_STANDARD_LIBRARIES = YES;
				BUNDLE_LOADER = "$(TEST_HOST)";
				INFOPLIST_FILE = "touch 3dTests/Info.plist";
				LD_RUNPATH_SEARCH_PATHS = "$(inherited) @executable_path/Frameworks @loader_path/Frameworks";
				PRODUCT_BUNDLE_IDENTIFIER = "com.jgonfer.touch-3dTests";
				PRODUCT_NAME = "$(TARGET_NAME)";
				SWIFT_VERSION = 3.0;
				TEST_HOST = "$(BUILT_PRODUCTS_DIR)/touch 3d.app/touch 3d";
			};
			name = Release;
		};
		1D63DBD41E320AE8008143EF /* Debug */ = {
			isa = XCBuildConfiguration;
			buildSettings = {
				ALWAYS_EMBED_SWIFT_STANDARD_LIBRARIES = YES;
				INFOPLIST_FILE = "touch 3dUITests/Info.plist";
				LD_RUNPATH_SEARCH_PATHS = "$(inherited) @executable_path/Frameworks @loader_path/Frameworks";
				PRODUCT_BUNDLE_IDENTIFIER = "com.jgonfer.touch-3dUITests";
				PRODUCT_NAME = "$(TARGET_NAME)";
				SWIFT_VERSION = 3.0;
				TEST_TARGET_NAME = "touch 3d";
			};
			name = Debug;
		};
		1D63DBD51E320AE8008143EF /* Release */ = {
			isa = XCBuildConfiguration;
			buildSettings = {
				ALWAYS_EMBED_SWIFT_STANDARD_LIBRARIES = YES;
				INFOPLIST_FILE = "touch 3dUITests/Info.plist";
				LD_RUNPATH_SEARCH_PATHS = "$(inherited) @executable_path/Frameworks @loader_path/Frameworks";
				PRODUCT_BUNDLE_IDENTIFIER = "com.jgonfer.touch-3dUITests";
				PRODUCT_NAME = "$(TARGET_NAME)";
				SWIFT_VERSION = 3.0;
				TEST_TARGET_NAME = "touch 3d";
			};
			name = Release;
		};
/* End XCBuildConfiguration section */

/* Begin XCConfigurationList section */
		1D63DB9E1E320AE8008143EF /* Build configuration list for PBXProject "touch 3d" */ = {
			isa = XCConfigurationList;
			buildConfigurations = (
				1D63DBCB1E320AE8008143EF /* Debug */,
				1D63DBCC1E320AE8008143EF /* Release */,
			);
			defaultConfigurationIsVisible = 0;
			defaultConfigurationName = Release;
		};
		1D63DBCD1E320AE8008143EF /* Build configuration list for PBXNativeTarget "touch 3d" */ = {
			isa = XCConfigurationList;
			buildConfigurations = (
				1D63DBCE1E320AE8008143EF /* Debug */,
				1D63DBCF1E320AE8008143EF /* Release */,
			);
			defaultConfigurationIsVisible = 0;
			defaultConfigurationName = Release;
		};
		1D63DBD01E320AE8008143EF /* Build configuration list for PBXNativeTarget "touch 3dTests" */ = {
			isa = XCConfigurationList;
			buildConfigurations = (
				1D63DBD11E320AE8008143EF /* Debug */,
				1D63DBD21E320AE8008143EF /* Release */,
			);
			defaultConfigurationIsVisible = 0;
			defaultConfigurationName = Release;
		};
		1D63DBD31E320AE8008143EF /* Build configuration list for PBXNativeTarget "touch 3dUITests" */ = {
			isa = XCConfigurationList;
			buildConfigurations = (
				1D63DBD41E320AE8008143EF /* Debug */,
				1D63DBD51E320AE8008143EF /* Release */,
			);
			defaultConfigurationIsVisible = 0;
			defaultConfigurationName = Release;
		};
/* End XCConfigurationList section */
	};
	rootObject = 1D63DB9B1E320AE8008143EF /* Project object */;
}
